
Microsoft Visual Studio Solution File, Format Version 12.00
# Visual Studio Version 17
VisualStudioVersion = 17.7.34031.279
MinimumVisualStudioVersion = 10.0.40219.1
Project("{FAE04EC0-301F-11D3-BF4B-00C04F79EFBC}") = "Lab7_Posvistak_program", "Lab7_Posvistak_program\Lab7_Posvistak_program.csproj", "{DC49A5CA-F0E4-46FD-ACFB-1063B655EE03}"
EndProject
Project("{2150E333-8FDC-42A3-9474-1A3956D46DE8}") = "Solution Items", "Solution Items", "{9D1459AD-B5F6-49AC-A373-28E09BB04F7E}"
	ProjectSection(SolutionItems) = preProject
		.editorconfig = .editorconfig
	EndProjectSection
EndProject
Project("{9A19103F-16F7-4668-BE54-9A1E7A4F7556}") = "TestProject1", "TestProject1\TestProject1.csproj", "{4F203D46-6677-4247-913A-BBC3F840081D}"
EndProject
Global
	GlobalSection(SolutionConfigurationPlatforms) = preSolution
		Debug|Any CPU = Debug|Any CPU
		Release|Any CPU = Release|Any CPU
	EndGlobalSection
	GlobalSection(ProjectConfigurationPlatforms) = postSolution
		{DC49A5CA-F0E4-46FD-ACFB-1063B655EE03}.Debug|Any CPU.ActiveCfg = Debug|Any CPU
		{DC49A5CA-F0E4-46FD-ACFB-1063B655EE03}.Debug|Any CPU.Build.0 = Debug|Any CPU
		{DC49A5CA-F0E4-46FD-ACFB-1063B655EE03}.Release|Any CPU.ActiveCfg = Release|Any CPU
		{DC49A5CA-F0E4-46FD-ACFB-1063B655EE03}.Release|Any CPU.Build.0 = Release|Any CPU
		{4F203D46-6677-4247-913A-BBC3F840081D}.Debug|Any CPU.ActiveCfg = Debug|Any CPU
		{4F203D46-6677-4247-913A-BBC3F840081D}.Debug|Any CPU.Build.0 = Debug|Any CPU
		{4F203D46-6677-4247-913A-BBC3F840081D}.Release|Any CPU.ActiveCfg = Release|Any CPU
		{4F203D46-6677-4247-913A-BBC3F840081D}.Release|Any CPU.Build.0 = Release|Any CPU
	EndGlobalSection
	GlobalSection(SolutionProperties) = preSolution
		HideSolutionNode = FALSE
	EndGlobalSection
	GlobalSection(ExtensibilityGlobals) = postSolution
		SolutionGuid = {6BFBC6C2-7AD4-4FD4-9257-602E383BAB27}
	EndGlobalSection
EndGlobal
